
Microsoft Visual Studio Solution File, Format Version 12.00
# Visual Studio Version 17
VisualStudioVersion = 17.1.32328.378
MinimumVisualStudioVersion = 10.0.40219.1
Project("{9A19103F-16F7-4668-BE54-9A1E7A4F7556}") = "Checkpoint43.Tests", "Checkpoint43.Tests\Checkpoint43.Tests.csproj", "{66A731C8-74D3-4F80-97E2-159076EFFA56}"
EndProject
Project("{9A19103F-16F7-4668-BE54-9A1E7A4F7556}") = "Checkpoint43", "Checkpoint43\Checkpoint43.csproj", "{4E8E84D0-4C92-4466-BA8D-7D00822F962F}"
EndProject
Global
	GlobalSection(SolutionConfigurationPlatforms) = preSolution
		Debug|Any CPU = Debug|Any CPU
		Release|Any CPU = Release|Any CPU
	EndGlobalSection
	GlobalSection(ProjectConfigurationPlatforms) = postSolution
		{66A731C8-74D3-4F80-97E2-159076EFFA56}.Debug|Any CPU.ActiveCfg = Debug|Any CPU
		{66A731C8-74D3-4F80-97E2-159076EFFA56}.Debug|Any CPU.Build.0 = Debug|Any CPU
		{66A731C8-74D3-4F80-97E2-159076EFFA56}.Release|Any CPU.ActiveCfg = Release|Any CPU
		{66A731C8-74D3-4F80-97E2-159076EFFA56}.Release|Any CPU.Build.0 = Release|Any CPU
		{4E8E84D0-4C92-4466-BA8D-7D00822F962F}.Debug|Any CPU.ActiveCfg = Debug|Any CPU
		{4E8E84D0-4C92-4466-BA8D-7D00822F962F}.Debug|Any CPU.Build.0 = Debug|Any CPU
		{4E8E84D0-4C92-4466-BA8D-7D00822F962F}.Release|Any CPU.ActiveCfg = Release|Any CPU
		{4E8E84D0-4C92-4466-BA8D-7D00822F962F}.Release|Any CPU.Build.0 = Release|Any CPU
	EndGlobalSection
	GlobalSection(SolutionProperties) = preSolution
		HideSolutionNode = FALSE
	EndGlobalSection
	GlobalSection(ExtensibilityGlobals) = postSolution
		SolutionGuid = {F6E8F8D3-AE64-4C13-8F06-8506D60E2E3C}
	EndGlobalSection
EndGlobal
