
Microsoft Visual Studio Solution File, Format Version 12.00
# Visual Studio Version 17
VisualStudioVersion = 17.1.32328.378
MinimumVisualStudioVersion = 10.0.40219.1
Project("{FAE04EC0-301F-11D3-BF4B-00C04F79EFBC}") = "Checkpoint43", "Checkpoint43.csproj", "{7A525AA8-28F7-449A-AA20-3ABA9CBBC088}"
EndProject
Global
	GlobalSection(SolutionConfigurationPlatforms) = preSolution
		Debug|Any CPU = Debug|Any CPU
		Release|Any CPU = Release|Any CPU
	EndGlobalSection
	GlobalSection(ProjectConfigurationPlatforms) = postSolution
		{7A525AA8-28F7-449A-AA20-3ABA9CBBC088}.Debug|Any CPU.ActiveCfg = Debug|Any CPU
		{7A525AA8-28F7-449A-AA20-3ABA9CBBC088}.Debug|Any CPU.Build.0 = Debug|Any CPU
		{7A525AA8-28F7-449A-AA20-3ABA9CBBC088}.Release|Any CPU.ActiveCfg = Release|Any CPU
		{7A525AA8-28F7-449A-AA20-3ABA9CBBC088}.Release|Any CPU.Build.0 = Release|Any CPU
	EndGlobalSection
	GlobalSection(SolutionProperties) = preSolution
		HideSolutionNode = FALSE
	EndGlobalSection
	GlobalSection(ExtensibilityGlobals) = postSolution
		SolutionGuid = {F6E8F8D3-AE64-4C13-8F06-8506D60E2E3C}
	EndGlobalSection
EndGlobal
