
Microsoft Visual Studio Solution File, Format Version 12.00
# Visual Studio Version 17
VisualStudioVersion = 17.1.32328.378
MinimumVisualStudioVersion = 10.0.40219.1
Project("{FAE04EC0-301F-11D3-BF4B-00C04F79EFBC}") = "Exercise02", "Exercise02.csproj", "{2CB06991-E6B2-4DF8-B528-463FFEF65404}"
EndProject
Global
	GlobalSection(SolutionConfigurationPlatforms) = preSolution
		Debug|Any CPU = Debug|Any CPU
		Release|Any CPU = Release|Any CPU
	EndGlobalSection
	GlobalSection(ProjectConfigurationPlatforms) = postSolution
		{2CB06991-E6B2-4DF8-B528-463FFEF65404}.Debug|Any CPU.ActiveCfg = Debug|Any CPU
		{2CB06991-E6B2-4DF8-B528-463FFEF65404}.Debug|Any CPU.Build.0 = Debug|Any CPU
		{2CB06991-E6B2-4DF8-B528-463FFEF65404}.Release|Any CPU.ActiveCfg = Release|Any CPU
		{2CB06991-E6B2-4DF8-B528-463FFEF65404}.Release|Any CPU.Build.0 = Release|Any CPU
	EndGlobalSection
	GlobalSection(SolutionProperties) = preSolution
		HideSolutionNode = FALSE
	EndGlobalSection
	GlobalSection(ExtensibilityGlobals) = postSolution
		SolutionGuid = {150AAD91-D1EA-43C4-AC02-DF22374D1C7A}
	EndGlobalSection
EndGlobal
