
Microsoft Visual Studio Solution File, Format Version 12.00
# Visual Studio Version 17
VisualStudioVersion = 17.1.32328.378
MinimumVisualStudioVersion = 10.0.40219.1
Project("{FAE04EC0-301F-11D3-BF4B-00C04F79EFBC}") = "Looping", "Looping.csproj", "{26B07AFD-B6FC-4D58-8B20-3CED4DCCD159}"
EndProject
Global
	GlobalSection(SolutionConfigurationPlatforms) = preSolution
		Debug|Any CPU = Debug|Any CPU
		Release|Any CPU = Release|Any CPU
	EndGlobalSection
	GlobalSection(ProjectConfigurationPlatforms) = postSolution
		{26B07AFD-B6FC-4D58-8B20-3CED4DCCD159}.Debug|Any CPU.ActiveCfg = Debug|Any CPU
		{26B07AFD-B6FC-4D58-8B20-3CED4DCCD159}.Debug|Any CPU.Build.0 = Debug|Any CPU
		{26B07AFD-B6FC-4D58-8B20-3CED4DCCD159}.Release|Any CPU.ActiveCfg = Release|Any CPU
		{26B07AFD-B6FC-4D58-8B20-3CED4DCCD159}.Release|Any CPU.Build.0 = Release|Any CPU
	EndGlobalSection
	GlobalSection(SolutionProperties) = preSolution
		HideSolutionNode = FALSE
	EndGlobalSection
	GlobalSection(ExtensibilityGlobals) = postSolution
		SolutionGuid = {63F93F30-E026-433D-B320-7CA40716FAE7}
	EndGlobalSection
EndGlobal
