
Microsoft Visual Studio Solution File, Format Version 12.00
# Visual Studio Version 17
VisualStudioVersion = 17.1.32328.378
MinimumVisualStudioVersion = 10.0.40219.1
Project("{FAE04EC0-301F-11D3-BF4B-00C04F79EFBC}") = "Exercise03", "Exercise03.csproj", "{8C301F16-B3EB-4FBE-95C0-3483E1220441}"
EndProject
Global
	GlobalSection(SolutionConfigurationPlatforms) = preSolution
		Debug|Any CPU = Debug|Any CPU
		Release|Any CPU = Release|Any CPU
	EndGlobalSection
	GlobalSection(ProjectConfigurationPlatforms) = postSolution
		{8C301F16-B3EB-4FBE-95C0-3483E1220441}.Debug|Any CPU.ActiveCfg = Debug|Any CPU
		{8C301F16-B3EB-4FBE-95C0-3483E1220441}.Debug|Any CPU.Build.0 = Debug|Any CPU
		{8C301F16-B3EB-4FBE-95C0-3483E1220441}.Release|Any CPU.ActiveCfg = Release|Any CPU
		{8C301F16-B3EB-4FBE-95C0-3483E1220441}.Release|Any CPU.Build.0 = Release|Any CPU
	EndGlobalSection
	GlobalSection(SolutionProperties) = preSolution
		HideSolutionNode = FALSE
	EndGlobalSection
	GlobalSection(ExtensibilityGlobals) = postSolution
		SolutionGuid = {D5DF6ABC-CA0A-42CF-846F-C4E5D3A9EF38}
	EndGlobalSection
EndGlobal
