
Microsoft Visual Studio Solution File, Format Version 12.00
# Visual Studio Version 17
VisualStudioVersion = 17.1.32328.378
MinimumVisualStudioVersion = 10.0.40219.1
Project("{FAE04EC0-301F-11D3-BF4B-00C04F79EFBC}") = "Checkpoint57", "Checkpoint57.csproj", "{2AAA6A3C-7FD6-4FBD-81D5-A2E8AF1CFD0F}"
EndProject
Global
	GlobalSection(SolutionConfigurationPlatforms) = preSolution
		Debug|Any CPU = Debug|Any CPU
		Release|Any CPU = Release|Any CPU
	EndGlobalSection
	GlobalSection(ProjectConfigurationPlatforms) = postSolution
		{2AAA6A3C-7FD6-4FBD-81D5-A2E8AF1CFD0F}.Debug|Any CPU.ActiveCfg = Debug|Any CPU
		{2AAA6A3C-7FD6-4FBD-81D5-A2E8AF1CFD0F}.Debug|Any CPU.Build.0 = Debug|Any CPU
		{2AAA6A3C-7FD6-4FBD-81D5-A2E8AF1CFD0F}.Release|Any CPU.ActiveCfg = Release|Any CPU
		{2AAA6A3C-7FD6-4FBD-81D5-A2E8AF1CFD0F}.Release|Any CPU.Build.0 = Release|Any CPU
	EndGlobalSection
	GlobalSection(SolutionProperties) = preSolution
		HideSolutionNode = FALSE
	EndGlobalSection
	GlobalSection(ExtensibilityGlobals) = postSolution
		SolutionGuid = {62567078-B966-487F-9E42-EBC31D980036}
	EndGlobalSection
EndGlobal
