
Microsoft Visual Studio Solution File, Format Version 12.00
# Visual Studio Version 17
VisualStudioVersion = 17.1.32328.378
MinimumVisualStudioVersion = 10.0.40219.1
Project("{FAE04EC0-301F-11D3-BF4B-00C04F79EFBC}") = "Checkpoint46", "Checkpoint46.csproj", "{DE949FBF-9307-45CE-916A-992CDC0F2894}"
EndProject
Global
	GlobalSection(SolutionConfigurationPlatforms) = preSolution
		Debug|Any CPU = Debug|Any CPU
		Release|Any CPU = Release|Any CPU
	EndGlobalSection
	GlobalSection(ProjectConfigurationPlatforms) = postSolution
		{DE949FBF-9307-45CE-916A-992CDC0F2894}.Debug|Any CPU.ActiveCfg = Debug|Any CPU
		{DE949FBF-9307-45CE-916A-992CDC0F2894}.Debug|Any CPU.Build.0 = Debug|Any CPU
		{DE949FBF-9307-45CE-916A-992CDC0F2894}.Release|Any CPU.ActiveCfg = Release|Any CPU
		{DE949FBF-9307-45CE-916A-992CDC0F2894}.Release|Any CPU.Build.0 = Release|Any CPU
	EndGlobalSection
	GlobalSection(SolutionProperties) = preSolution
		HideSolutionNode = FALSE
	EndGlobalSection
	GlobalSection(ExtensibilityGlobals) = postSolution
		SolutionGuid = {29FF39CB-4072-4808-9D12-58661684EFBE}
	EndGlobalSection
EndGlobal
