
Microsoft Visual Studio Solution File, Format Version 12.00
# Visual Studio Version 17
VisualStudioVersion = 17.1.32328.378
MinimumVisualStudioVersion = 10.0.40219.1
Project("{9A19103F-16F7-4668-BE54-9A1E7A4F7556}") = "CheckPoint50.Tests", "CheckPoint50.Tests\CheckPoint50.Tests.csproj", "{F5AEC875-0D08-47B4-9611-ADB6B199D696}"
EndProject
Project("{9A19103F-16F7-4668-BE54-9A1E7A4F7556}") = "Checkpoint50", "Checkpoint50\Checkpoint50.csproj", "{1B28C190-51BE-4AA6-B589-09E6DF70E38B}"
EndProject
Global
	GlobalSection(SolutionConfigurationPlatforms) = preSolution
		Debug|Any CPU = Debug|Any CPU
		Release|Any CPU = Release|Any CPU
	EndGlobalSection
	GlobalSection(ProjectConfigurationPlatforms) = postSolution
		{F5AEC875-0D08-47B4-9611-ADB6B199D696}.Debug|Any CPU.ActiveCfg = Debug|Any CPU
		{F5AEC875-0D08-47B4-9611-ADB6B199D696}.Debug|Any CPU.Build.0 = Debug|Any CPU
		{F5AEC875-0D08-47B4-9611-ADB6B199D696}.Release|Any CPU.ActiveCfg = Release|Any CPU
		{F5AEC875-0D08-47B4-9611-ADB6B199D696}.Release|Any CPU.Build.0 = Release|Any CPU
		{1B28C190-51BE-4AA6-B589-09E6DF70E38B}.Debug|Any CPU.ActiveCfg = Debug|Any CPU
		{1B28C190-51BE-4AA6-B589-09E6DF70E38B}.Debug|Any CPU.Build.0 = Debug|Any CPU
		{1B28C190-51BE-4AA6-B589-09E6DF70E38B}.Release|Any CPU.ActiveCfg = Release|Any CPU
		{1B28C190-51BE-4AA6-B589-09E6DF70E38B}.Release|Any CPU.Build.0 = Release|Any CPU
	EndGlobalSection
	GlobalSection(SolutionProperties) = preSolution
		HideSolutionNode = FALSE
	EndGlobalSection
	GlobalSection(ExtensibilityGlobals) = postSolution
		SolutionGuid = {AF00A8AC-655F-4204-978B-E374DCA57CDF}
	EndGlobalSection
EndGlobal
