
Microsoft Visual Studio Solution File, Format Version 12.00
# Visual Studio Version 17
VisualStudioVersion = 17.1.32328.378
MinimumVisualStudioVersion = 10.0.40219.1
Project("{FAE04EC0-301F-11D3-BF4B-00C04F79EFBC}") = "Checkpoint50", "Checkpoint50.csproj", "{1AB01241-F6B8-406A-B9EF-74EFBFE01E6A}"
EndProject
Global
	GlobalSection(SolutionConfigurationPlatforms) = preSolution
		Debug|Any CPU = Debug|Any CPU
		Release|Any CPU = Release|Any CPU
	EndGlobalSection
	GlobalSection(ProjectConfigurationPlatforms) = postSolution
		{1AB01241-F6B8-406A-B9EF-74EFBFE01E6A}.Debug|Any CPU.ActiveCfg = Debug|Any CPU
		{1AB01241-F6B8-406A-B9EF-74EFBFE01E6A}.Debug|Any CPU.Build.0 = Debug|Any CPU
		{1AB01241-F6B8-406A-B9EF-74EFBFE01E6A}.Release|Any CPU.ActiveCfg = Release|Any CPU
		{1AB01241-F6B8-406A-B9EF-74EFBFE01E6A}.Release|Any CPU.Build.0 = Release|Any CPU
	EndGlobalSection
	GlobalSection(SolutionProperties) = preSolution
		HideSolutionNode = FALSE
	EndGlobalSection
	GlobalSection(ExtensibilityGlobals) = postSolution
		SolutionGuid = {AF00A8AC-655F-4204-978B-E374DCA57CDF}
	EndGlobalSection
EndGlobal
