
Microsoft Visual Studio Solution File, Format Version 12.00
# Visual Studio Version 17
VisualStudioVersion = 17.1.32328.378
MinimumVisualStudioVersion = 10.0.40219.1
Project("{FAE04EC0-301F-11D3-BF4B-00C04F79EFBC}") = "Checkpoint06", "Checkpoint06.csproj", "{F32A2CD0-A45A-415D-A7FA-0C1CF8A37025}"
EndProject
Global
	GlobalSection(SolutionConfigurationPlatforms) = preSolution
		Debug|Any CPU = Debug|Any CPU
		Release|Any CPU = Release|Any CPU
	EndGlobalSection
	GlobalSection(ProjectConfigurationPlatforms) = postSolution
		{F32A2CD0-A45A-415D-A7FA-0C1CF8A37025}.Debug|Any CPU.ActiveCfg = Debug|Any CPU
		{F32A2CD0-A45A-415D-A7FA-0C1CF8A37025}.Debug|Any CPU.Build.0 = Debug|Any CPU
		{F32A2CD0-A45A-415D-A7FA-0C1CF8A37025}.Release|Any CPU.ActiveCfg = Release|Any CPU
		{F32A2CD0-A45A-415D-A7FA-0C1CF8A37025}.Release|Any CPU.Build.0 = Release|Any CPU
	EndGlobalSection
	GlobalSection(SolutionProperties) = preSolution
		HideSolutionNode = FALSE
	EndGlobalSection
	GlobalSection(ExtensibilityGlobals) = postSolution
		SolutionGuid = {2F7DE712-B516-4AC3-89DA-442F1BFA1B01}
	EndGlobalSection
EndGlobal
