
Microsoft Visual Studio Solution File, Format Version 12.00
# Visual Studio Version 17
VisualStudioVersion = 17.1.32328.378
MinimumVisualStudioVersion = 10.0.40219.1
Project("{FAE04EC0-301F-11D3-BF4B-00C04F79EFBC}") = "Vehicles", "Vehicles.csproj", "{967FF772-6687-403F-96E7-7CC28B921518}"
EndProject
Global
	GlobalSection(SolutionConfigurationPlatforms) = preSolution
		Debug|Any CPU = Debug|Any CPU
		Release|Any CPU = Release|Any CPU
	EndGlobalSection
	GlobalSection(ProjectConfigurationPlatforms) = postSolution
		{967FF772-6687-403F-96E7-7CC28B921518}.Debug|Any CPU.ActiveCfg = Debug|Any CPU
		{967FF772-6687-403F-96E7-7CC28B921518}.Debug|Any CPU.Build.0 = Debug|Any CPU
		{967FF772-6687-403F-96E7-7CC28B921518}.Release|Any CPU.ActiveCfg = Release|Any CPU
		{967FF772-6687-403F-96E7-7CC28B921518}.Release|Any CPU.Build.0 = Release|Any CPU
	EndGlobalSection
	GlobalSection(SolutionProperties) = preSolution
		HideSolutionNode = FALSE
	EndGlobalSection
	GlobalSection(ExtensibilityGlobals) = postSolution
		SolutionGuid = {2D6812C8-2982-40AA-8A39-8611242E6DF7}
	EndGlobalSection
EndGlobal
