
Microsoft Visual Studio Solution File, Format Version 12.00
# Visual Studio Version 17
VisualStudioVersion = 17.1.32328.378
MinimumVisualStudioVersion = 10.0.40219.1
Project("{FAE04EC0-301F-11D3-BF4B-00C04F79EFBC}") = "Checkpoint09", "Checkpoint09.csproj", "{1AC14AE8-2B1E-435A-AF7A-0116EB73B677}"
EndProject
Global
	GlobalSection(SolutionConfigurationPlatforms) = preSolution
		Debug|Any CPU = Debug|Any CPU
		Release|Any CPU = Release|Any CPU
	EndGlobalSection
	GlobalSection(ProjectConfigurationPlatforms) = postSolution
		{1AC14AE8-2B1E-435A-AF7A-0116EB73B677}.Debug|Any CPU.ActiveCfg = Debug|Any CPU
		{1AC14AE8-2B1E-435A-AF7A-0116EB73B677}.Debug|Any CPU.Build.0 = Debug|Any CPU
		{1AC14AE8-2B1E-435A-AF7A-0116EB73B677}.Release|Any CPU.ActiveCfg = Release|Any CPU
		{1AC14AE8-2B1E-435A-AF7A-0116EB73B677}.Release|Any CPU.Build.0 = Release|Any CPU
	EndGlobalSection
	GlobalSection(SolutionProperties) = preSolution
		HideSolutionNode = FALSE
	EndGlobalSection
	GlobalSection(ExtensibilityGlobals) = postSolution
		SolutionGuid = {F9ED8B93-A62A-4950-9D86-FA2ED98F4675}
	EndGlobalSection
EndGlobal
