
Microsoft Visual Studio Solution File, Format Version 12.00
# Visual Studio Version 17
VisualStudioVersion = 17.1.32328.378
MinimumVisualStudioVersion = 10.0.40219.1
Project("{FAE04EC0-301F-11D3-BF4B-00C04F79EFBC}") = "Checkpoint73", "Checkpoint73.csproj", "{16DDE83E-B939-42AB-9693-C34FDE705752}"
EndProject
Global
	GlobalSection(SolutionConfigurationPlatforms) = preSolution
		Debug|Any CPU = Debug|Any CPU
		Release|Any CPU = Release|Any CPU
	EndGlobalSection
	GlobalSection(ProjectConfigurationPlatforms) = postSolution
		{16DDE83E-B939-42AB-9693-C34FDE705752}.Debug|Any CPU.ActiveCfg = Debug|Any CPU
		{16DDE83E-B939-42AB-9693-C34FDE705752}.Debug|Any CPU.Build.0 = Debug|Any CPU
		{16DDE83E-B939-42AB-9693-C34FDE705752}.Release|Any CPU.ActiveCfg = Release|Any CPU
		{16DDE83E-B939-42AB-9693-C34FDE705752}.Release|Any CPU.Build.0 = Release|Any CPU
	EndGlobalSection
	GlobalSection(SolutionProperties) = preSolution
		HideSolutionNode = FALSE
	EndGlobalSection
	GlobalSection(ExtensibilityGlobals) = postSolution
		SolutionGuid = {F0225BDE-9325-481C-8BE1-4148166F763C}
	EndGlobalSection
EndGlobal
