
Microsoft Visual Studio Solution File, Format Version 12.00
# Visual Studio Version 17
VisualStudioVersion = 17.1.32328.378
MinimumVisualStudioVersion = 10.0.40219.1
Project("{9A19103F-16F7-4668-BE54-9A1E7A4F7556}") = "Arrays", "Arrays\Arrays.csproj", "{2CA330C1-9D6D-4482-9EBF-13C8AF56C046}"
EndProject
Project("{FAE04EC0-301F-11D3-BF4B-00C04F79EFBC}") = "Arrays.Tests", "Arrays.Tests\Arrays.Tests.csproj", "{0DBC75E5-9EB1-49CF-B57D-710F603321EF}"
EndProject
Global
	GlobalSection(SolutionConfigurationPlatforms) = preSolution
		Debug|Any CPU = Debug|Any CPU
		Release|Any CPU = Release|Any CPU
	EndGlobalSection
	GlobalSection(ProjectConfigurationPlatforms) = postSolution
		{2CA330C1-9D6D-4482-9EBF-13C8AF56C046}.Debug|Any CPU.ActiveCfg = Debug|Any CPU
		{2CA330C1-9D6D-4482-9EBF-13C8AF56C046}.Debug|Any CPU.Build.0 = Debug|Any CPU
		{2CA330C1-9D6D-4482-9EBF-13C8AF56C046}.Release|Any CPU.ActiveCfg = Release|Any CPU
		{2CA330C1-9D6D-4482-9EBF-13C8AF56C046}.Release|Any CPU.Build.0 = Release|Any CPU
		{0DBC75E5-9EB1-49CF-B57D-710F603321EF}.Debug|Any CPU.ActiveCfg = Debug|Any CPU
		{0DBC75E5-9EB1-49CF-B57D-710F603321EF}.Debug|Any CPU.Build.0 = Debug|Any CPU
		{0DBC75E5-9EB1-49CF-B57D-710F603321EF}.Release|Any CPU.ActiveCfg = Release|Any CPU
		{0DBC75E5-9EB1-49CF-B57D-710F603321EF}.Release|Any CPU.Build.0 = Release|Any CPU
	EndGlobalSection
	GlobalSection(SolutionProperties) = preSolution
		HideSolutionNode = FALSE
	EndGlobalSection
	GlobalSection(ExtensibilityGlobals) = postSolution
		SolutionGuid = {37B47A94-0316-45EA-BA0D-805B8B5038E4}
	EndGlobalSection
EndGlobal
