
Microsoft Visual Studio Solution File, Format Version 12.00
# Visual Studio Version 17
VisualStudioVersion = 17.1.32328.378
MinimumVisualStudioVersion = 10.0.40219.1
Project("{FAE04EC0-301F-11D3-BF4B-00C04F79EFBC}") = "Arrays", "Arrays.csproj", "{0F5798F2-639E-41E8-99BF-6A945108D51B}"
EndProject
Global
	GlobalSection(SolutionConfigurationPlatforms) = preSolution
		Debug|Any CPU = Debug|Any CPU
		Release|Any CPU = Release|Any CPU
	EndGlobalSection
	GlobalSection(ProjectConfigurationPlatforms) = postSolution
		{0F5798F2-639E-41E8-99BF-6A945108D51B}.Debug|Any CPU.ActiveCfg = Debug|Any CPU
		{0F5798F2-639E-41E8-99BF-6A945108D51B}.Debug|Any CPU.Build.0 = Debug|Any CPU
		{0F5798F2-639E-41E8-99BF-6A945108D51B}.Release|Any CPU.ActiveCfg = Release|Any CPU
		{0F5798F2-639E-41E8-99BF-6A945108D51B}.Release|Any CPU.Build.0 = Release|Any CPU
	EndGlobalSection
	GlobalSection(SolutionProperties) = preSolution
		HideSolutionNode = FALSE
	EndGlobalSection
	GlobalSection(ExtensibilityGlobals) = postSolution
		SolutionGuid = {37B47A94-0316-45EA-BA0D-805B8B5038E4}
	EndGlobalSection
EndGlobal
