
Microsoft Visual Studio Solution File, Format Version 12.00
# Visual Studio Version 17
VisualStudioVersion = 17.1.32328.378
MinimumVisualStudioVersion = 10.0.40219.1
Project("{FAE04EC0-301F-11D3-BF4B-00C04F79EFBC}") = "Checkpoint36", "Checkpoint36.csproj", "{6510FAEB-CEE0-4836-AE21-81904484E8CA}"
EndProject
Global
	GlobalSection(SolutionConfigurationPlatforms) = preSolution
		Debug|Any CPU = Debug|Any CPU
		Release|Any CPU = Release|Any CPU
	EndGlobalSection
	GlobalSection(ProjectConfigurationPlatforms) = postSolution
		{6510FAEB-CEE0-4836-AE21-81904484E8CA}.Debug|Any CPU.ActiveCfg = Debug|Any CPU
		{6510FAEB-CEE0-4836-AE21-81904484E8CA}.Debug|Any CPU.Build.0 = Debug|Any CPU
		{6510FAEB-CEE0-4836-AE21-81904484E8CA}.Release|Any CPU.ActiveCfg = Release|Any CPU
		{6510FAEB-CEE0-4836-AE21-81904484E8CA}.Release|Any CPU.Build.0 = Release|Any CPU
	EndGlobalSection
	GlobalSection(SolutionProperties) = preSolution
		HideSolutionNode = FALSE
	EndGlobalSection
	GlobalSection(ExtensibilityGlobals) = postSolution
		SolutionGuid = {B76A4C19-7FB7-4C7C-B5C2-559113447555}
	EndGlobalSection
EndGlobal
