
Microsoft Visual Studio Solution File, Format Version 12.00
# Visual Studio Version 17
VisualStudioVersion = 17.1.32328.378
MinimumVisualStudioVersion = 10.0.40219.1
Project("{FAE04EC0-301F-11D3-BF4B-00C04F79EFBC}") = "Exercise20", "Exercise20.csproj", "{F2099C7A-E854-4222-A9BE-9C165A68E714}"
EndProject
Global
	GlobalSection(SolutionConfigurationPlatforms) = preSolution
		Debug|Any CPU = Debug|Any CPU
		Release|Any CPU = Release|Any CPU
	EndGlobalSection
	GlobalSection(ProjectConfigurationPlatforms) = postSolution
		{F2099C7A-E854-4222-A9BE-9C165A68E714}.Debug|Any CPU.ActiveCfg = Debug|Any CPU
		{F2099C7A-E854-4222-A9BE-9C165A68E714}.Debug|Any CPU.Build.0 = Debug|Any CPU
		{F2099C7A-E854-4222-A9BE-9C165A68E714}.Release|Any CPU.ActiveCfg = Release|Any CPU
		{F2099C7A-E854-4222-A9BE-9C165A68E714}.Release|Any CPU.Build.0 = Release|Any CPU
	EndGlobalSection
	GlobalSection(SolutionProperties) = preSolution
		HideSolutionNode = FALSE
	EndGlobalSection
	GlobalSection(ExtensibilityGlobals) = postSolution
		SolutionGuid = {A30D0F6E-7E7B-4B8C-AC4B-81A2BC4EFA3C}
	EndGlobalSection
EndGlobal
