
Microsoft Visual Studio Solution File, Format Version 12.00
# Visual Studio Version 17
VisualStudioVersion = 17.1.32328.378
MinimumVisualStudioVersion = 10.0.40219.1
Project("{FAE04EC0-301F-11D3-BF4B-00C04F79EFBC}") = "Lists", "Lists.csproj", "{83631EE9-149F-4AD1-97EE-D1752ABD7081}"
EndProject
Global
	GlobalSection(SolutionConfigurationPlatforms) = preSolution
		Debug|Any CPU = Debug|Any CPU
		Release|Any CPU = Release|Any CPU
	EndGlobalSection
	GlobalSection(ProjectConfigurationPlatforms) = postSolution
		{83631EE9-149F-4AD1-97EE-D1752ABD7081}.Debug|Any CPU.ActiveCfg = Debug|Any CPU
		{83631EE9-149F-4AD1-97EE-D1752ABD7081}.Debug|Any CPU.Build.0 = Debug|Any CPU
		{83631EE9-149F-4AD1-97EE-D1752ABD7081}.Release|Any CPU.ActiveCfg = Release|Any CPU
		{83631EE9-149F-4AD1-97EE-D1752ABD7081}.Release|Any CPU.Build.0 = Release|Any CPU
	EndGlobalSection
	GlobalSection(SolutionProperties) = preSolution
		HideSolutionNode = FALSE
	EndGlobalSection
	GlobalSection(ExtensibilityGlobals) = postSolution
		SolutionGuid = {302FA667-A7FA-41BF-B364-3EA938A940EC}
	EndGlobalSection
EndGlobal
