
Microsoft Visual Studio Solution File, Format Version 12.00
# Visual Studio Version 17
VisualStudioVersion = 17.1.32328.378
MinimumVisualStudioVersion = 10.0.40219.1
Project("{9A19103F-16F7-4668-BE54-9A1E7A4F7556}") = "Lists", "Lists\Lists.csproj", "{84140673-6F33-4240-8333-0D5BC06EB044}"
EndProject
Project("{FAE04EC0-301F-11D3-BF4B-00C04F79EFBC}") = "Lists.Tests", "Lists.Tests\Lists.Tests.csproj", "{10EB0147-4532-4FAC-B890-FDED53D62844}"
EndProject
Global
	GlobalSection(SolutionConfigurationPlatforms) = preSolution
		Debug|Any CPU = Debug|Any CPU
		Release|Any CPU = Release|Any CPU
	EndGlobalSection
	GlobalSection(ProjectConfigurationPlatforms) = postSolution
		{84140673-6F33-4240-8333-0D5BC06EB044}.Debug|Any CPU.ActiveCfg = Debug|Any CPU
		{84140673-6F33-4240-8333-0D5BC06EB044}.Debug|Any CPU.Build.0 = Debug|Any CPU
		{84140673-6F33-4240-8333-0D5BC06EB044}.Release|Any CPU.ActiveCfg = Release|Any CPU
		{84140673-6F33-4240-8333-0D5BC06EB044}.Release|Any CPU.Build.0 = Release|Any CPU
		{10EB0147-4532-4FAC-B890-FDED53D62844}.Debug|Any CPU.ActiveCfg = Debug|Any CPU
		{10EB0147-4532-4FAC-B890-FDED53D62844}.Debug|Any CPU.Build.0 = Debug|Any CPU
		{10EB0147-4532-4FAC-B890-FDED53D62844}.Release|Any CPU.ActiveCfg = Release|Any CPU
		{10EB0147-4532-4FAC-B890-FDED53D62844}.Release|Any CPU.Build.0 = Release|Any CPU
	EndGlobalSection
	GlobalSection(SolutionProperties) = preSolution
		HideSolutionNode = FALSE
	EndGlobalSection
	GlobalSection(ExtensibilityGlobals) = postSolution
		SolutionGuid = {302FA667-A7FA-41BF-B364-3EA938A940EC}
	EndGlobalSection
EndGlobal
