
Microsoft Visual Studio Solution File, Format Version 12.00
# Visual Studio Version 17
VisualStudioVersion = 17.1.32328.378
MinimumVisualStudioVersion = 10.0.40219.1
Project("{FAE04EC0-301F-11D3-BF4B-00C04F79EFBC}") = "Checkpoint74", "Checkpoint74.csproj", "{5E931078-38D6-4D1A-9C6D-F64CD5E1EEB5}"
EndProject
Global
	GlobalSection(SolutionConfigurationPlatforms) = preSolution
		Debug|Any CPU = Debug|Any CPU
		Release|Any CPU = Release|Any CPU
	EndGlobalSection
	GlobalSection(ProjectConfigurationPlatforms) = postSolution
		{5E931078-38D6-4D1A-9C6D-F64CD5E1EEB5}.Debug|Any CPU.ActiveCfg = Debug|Any CPU
		{5E931078-38D6-4D1A-9C6D-F64CD5E1EEB5}.Debug|Any CPU.Build.0 = Debug|Any CPU
		{5E931078-38D6-4D1A-9C6D-F64CD5E1EEB5}.Release|Any CPU.ActiveCfg = Release|Any CPU
		{5E931078-38D6-4D1A-9C6D-F64CD5E1EEB5}.Release|Any CPU.Build.0 = Release|Any CPU
	EndGlobalSection
	GlobalSection(SolutionProperties) = preSolution
		HideSolutionNode = FALSE
	EndGlobalSection
	GlobalSection(ExtensibilityGlobals) = postSolution
		SolutionGuid = {2A136372-A946-4FCA-A099-B01E56A84016}
	EndGlobalSection
EndGlobal
