
Microsoft Visual Studio Solution File, Format Version 12.00
# Visual Studio Version 17
VisualStudioVersion = 17.1.32328.378
MinimumVisualStudioVersion = 10.0.40219.1
Project("{9A19103F-16F7-4668-BE54-9A1E7A4F7556}") = "Checkpoint38.Tests", "Checkpoint38.Tests\Checkpoint38.Tests.csproj", "{2071DC15-9277-4DE9-B9F5-8BBE0D7E3135}"
EndProject
Project("{9A19103F-16F7-4668-BE54-9A1E7A4F7556}") = "Checkpoint38", "Checkpoint38\Checkpoint38.csproj", "{BC9D6520-0C5A-4B1C-BBDA-E77667A97A24}"
EndProject
Global
	GlobalSection(SolutionConfigurationPlatforms) = preSolution
		Debug|Any CPU = Debug|Any CPU
		Release|Any CPU = Release|Any CPU
	EndGlobalSection
	GlobalSection(ProjectConfigurationPlatforms) = postSolution
		{2071DC15-9277-4DE9-B9F5-8BBE0D7E3135}.Debug|Any CPU.ActiveCfg = Debug|Any CPU
		{2071DC15-9277-4DE9-B9F5-8BBE0D7E3135}.Debug|Any CPU.Build.0 = Debug|Any CPU
		{2071DC15-9277-4DE9-B9F5-8BBE0D7E3135}.Release|Any CPU.ActiveCfg = Release|Any CPU
		{2071DC15-9277-4DE9-B9F5-8BBE0D7E3135}.Release|Any CPU.Build.0 = Release|Any CPU
		{BC9D6520-0C5A-4B1C-BBDA-E77667A97A24}.Debug|Any CPU.ActiveCfg = Debug|Any CPU
		{BC9D6520-0C5A-4B1C-BBDA-E77667A97A24}.Debug|Any CPU.Build.0 = Debug|Any CPU
		{BC9D6520-0C5A-4B1C-BBDA-E77667A97A24}.Release|Any CPU.ActiveCfg = Release|Any CPU
		{BC9D6520-0C5A-4B1C-BBDA-E77667A97A24}.Release|Any CPU.Build.0 = Release|Any CPU
	EndGlobalSection
	GlobalSection(SolutionProperties) = preSolution
		HideSolutionNode = FALSE
	EndGlobalSection
	GlobalSection(ExtensibilityGlobals) = postSolution
		SolutionGuid = {0052AA95-7384-40A4-9934-CC6198E4BB10}
	EndGlobalSection
EndGlobal
