
Microsoft Visual Studio Solution File, Format Version 12.00
# Visual Studio Version 17
VisualStudioVersion = 17.1.32328.378
MinimumVisualStudioVersion = 10.0.40219.1
Project("{FAE04EC0-301F-11D3-BF4B-00C04F79EFBC}") = "Checkpoint56", "Checkpoint56.csproj", "{5F7666BF-3D99-4751-9586-0EE14E506E0B}"
EndProject
Global
	GlobalSection(SolutionConfigurationPlatforms) = preSolution
		Debug|Any CPU = Debug|Any CPU
		Release|Any CPU = Release|Any CPU
	EndGlobalSection
	GlobalSection(ProjectConfigurationPlatforms) = postSolution
		{5F7666BF-3D99-4751-9586-0EE14E506E0B}.Debug|Any CPU.ActiveCfg = Debug|Any CPU
		{5F7666BF-3D99-4751-9586-0EE14E506E0B}.Debug|Any CPU.Build.0 = Debug|Any CPU
		{5F7666BF-3D99-4751-9586-0EE14E506E0B}.Release|Any CPU.ActiveCfg = Release|Any CPU
		{5F7666BF-3D99-4751-9586-0EE14E506E0B}.Release|Any CPU.Build.0 = Release|Any CPU
	EndGlobalSection
	GlobalSection(SolutionProperties) = preSolution
		HideSolutionNode = FALSE
	EndGlobalSection
	GlobalSection(ExtensibilityGlobals) = postSolution
		SolutionGuid = {1420E75F-1DD2-493B-95D6-16E6C56E27D5}
	EndGlobalSection
EndGlobal
