
Microsoft Visual Studio Solution File, Format Version 12.00
# Visual Studio Version 17
VisualStudioVersion = 17.1.32328.378
MinimumVisualStudioVersion = 10.0.40219.1
Project("{FAE04EC0-301F-11D3-BF4B-00C04F79EFBC}") = "Checkpoint63", "Checkpoint63.csproj", "{6A4F39C9-1481-43E0-9F36-9D897EAC1F14}"
EndProject
Global
	GlobalSection(SolutionConfigurationPlatforms) = preSolution
		Debug|Any CPU = Debug|Any CPU
		Release|Any CPU = Release|Any CPU
	EndGlobalSection
	GlobalSection(ProjectConfigurationPlatforms) = postSolution
		{6A4F39C9-1481-43E0-9F36-9D897EAC1F14}.Debug|Any CPU.ActiveCfg = Debug|Any CPU
		{6A4F39C9-1481-43E0-9F36-9D897EAC1F14}.Debug|Any CPU.Build.0 = Debug|Any CPU
		{6A4F39C9-1481-43E0-9F36-9D897EAC1F14}.Release|Any CPU.ActiveCfg = Release|Any CPU
		{6A4F39C9-1481-43E0-9F36-9D897EAC1F14}.Release|Any CPU.Build.0 = Release|Any CPU
	EndGlobalSection
	GlobalSection(SolutionProperties) = preSolution
		HideSolutionNode = FALSE
	EndGlobalSection
	GlobalSection(ExtensibilityGlobals) = postSolution
		SolutionGuid = {8E4A15D1-AF12-4DD8-8A10-818EE3094794}
	EndGlobalSection
EndGlobal
