
Microsoft Visual Studio Solution File, Format Version 12.00
# Visual Studio Version 17
VisualStudioVersion = 17.1.32328.378
MinimumVisualStudioVersion = 10.0.40219.1
Project("{9A19103F-16F7-4668-BE54-9A1E7A4F7556}") = "MethodParameters", "MethodParameters\MethodParameters.csproj", "{EEDC494D-D16C-4438-95F4-2FD5D0367870}"
EndProject
Project("{9A19103F-16F7-4668-BE54-9A1E7A4F7556}") = "MethodParameters.Tests", "MethodParameters.Tests\MethodParameters.Tests.csproj", "{8840DF54-6270-4034-B164-99D318BBDA15}"
EndProject
Global
	GlobalSection(SolutionConfigurationPlatforms) = preSolution
		Debug|Any CPU = Debug|Any CPU
		Release|Any CPU = Release|Any CPU
	EndGlobalSection
	GlobalSection(ProjectConfigurationPlatforms) = postSolution
		{EEDC494D-D16C-4438-95F4-2FD5D0367870}.Debug|Any CPU.ActiveCfg = Debug|Any CPU
		{EEDC494D-D16C-4438-95F4-2FD5D0367870}.Debug|Any CPU.Build.0 = Debug|Any CPU
		{EEDC494D-D16C-4438-95F4-2FD5D0367870}.Release|Any CPU.ActiveCfg = Release|Any CPU
		{EEDC494D-D16C-4438-95F4-2FD5D0367870}.Release|Any CPU.Build.0 = Release|Any CPU
		{8840DF54-6270-4034-B164-99D318BBDA15}.Debug|Any CPU.ActiveCfg = Debug|Any CPU
		{8840DF54-6270-4034-B164-99D318BBDA15}.Debug|Any CPU.Build.0 = Debug|Any CPU
		{8840DF54-6270-4034-B164-99D318BBDA15}.Release|Any CPU.ActiveCfg = Release|Any CPU
		{8840DF54-6270-4034-B164-99D318BBDA15}.Release|Any CPU.Build.0 = Release|Any CPU
	EndGlobalSection
	GlobalSection(SolutionProperties) = preSolution
		HideSolutionNode = FALSE
	EndGlobalSection
	GlobalSection(ExtensibilityGlobals) = postSolution
		SolutionGuid = {83B3E837-D763-4976-B9E6-EB4C1E421341}
	EndGlobalSection
EndGlobal
