
Microsoft Visual Studio Solution File, Format Version 12.00
# Visual Studio Version 17
VisualStudioVersion = 17.1.32328.378
MinimumVisualStudioVersion = 10.0.40219.1
Project("{FAE04EC0-301F-11D3-BF4B-00C04F79EFBC}") = "MethodParameters", "MethodParameters.csproj", "{B217BBB8-7289-448A-8EE3-FB19F0319160}"
EndProject
Global
	GlobalSection(SolutionConfigurationPlatforms) = preSolution
		Debug|Any CPU = Debug|Any CPU
		Release|Any CPU = Release|Any CPU
	EndGlobalSection
	GlobalSection(ProjectConfigurationPlatforms) = postSolution
		{B217BBB8-7289-448A-8EE3-FB19F0319160}.Debug|Any CPU.ActiveCfg = Debug|Any CPU
		{B217BBB8-7289-448A-8EE3-FB19F0319160}.Debug|Any CPU.Build.0 = Debug|Any CPU
		{B217BBB8-7289-448A-8EE3-FB19F0319160}.Release|Any CPU.ActiveCfg = Release|Any CPU
		{B217BBB8-7289-448A-8EE3-FB19F0319160}.Release|Any CPU.Build.0 = Release|Any CPU
	EndGlobalSection
	GlobalSection(SolutionProperties) = preSolution
		HideSolutionNode = FALSE
	EndGlobalSection
	GlobalSection(ExtensibilityGlobals) = postSolution
		SolutionGuid = {83B3E837-D763-4976-B9E6-EB4C1E421341}
	EndGlobalSection
EndGlobal
