
Microsoft Visual Studio Solution File, Format Version 12.00
# Visual Studio Version 17
VisualStudioVersion = 17.1.32328.378
MinimumVisualStudioVersion = 10.0.40219.1
Project("{FAE04EC0-301F-11D3-BF4B-00C04F79EFBC}") = "Checkpoint30", "Checkpoint30.csproj", "{06B7E08C-E1B7-429A-A121-3EE5EE171B89}"
EndProject
Global
	GlobalSection(SolutionConfigurationPlatforms) = preSolution
		Debug|Any CPU = Debug|Any CPU
		Release|Any CPU = Release|Any CPU
	EndGlobalSection
	GlobalSection(ProjectConfigurationPlatforms) = postSolution
		{06B7E08C-E1B7-429A-A121-3EE5EE171B89}.Debug|Any CPU.ActiveCfg = Debug|Any CPU
		{06B7E08C-E1B7-429A-A121-3EE5EE171B89}.Debug|Any CPU.Build.0 = Debug|Any CPU
		{06B7E08C-E1B7-429A-A121-3EE5EE171B89}.Release|Any CPU.ActiveCfg = Release|Any CPU
		{06B7E08C-E1B7-429A-A121-3EE5EE171B89}.Release|Any CPU.Build.0 = Release|Any CPU
	EndGlobalSection
	GlobalSection(SolutionProperties) = preSolution
		HideSolutionNode = FALSE
	EndGlobalSection
	GlobalSection(ExtensibilityGlobals) = postSolution
		SolutionGuid = {9CD27526-9085-4FD9-9F8D-F1DED9B0CB0B}
	EndGlobalSection
EndGlobal
