
Microsoft Visual Studio Solution File, Format Version 12.00
# Visual Studio Version 17
VisualStudioVersion = 17.1.32328.378
MinimumVisualStudioVersion = 10.0.40219.1
Project("{FAE04EC0-301F-11D3-BF4B-00C04F79EFBC}") = "Checkpoint47", "Checkpoint47.csproj", "{EECA9CCC-6292-46C0-A071-2E65C26BD93B}"
EndProject
Global
	GlobalSection(SolutionConfigurationPlatforms) = preSolution
		Debug|Any CPU = Debug|Any CPU
		Release|Any CPU = Release|Any CPU
	EndGlobalSection
	GlobalSection(ProjectConfigurationPlatforms) = postSolution
		{EECA9CCC-6292-46C0-A071-2E65C26BD93B}.Debug|Any CPU.ActiveCfg = Debug|Any CPU
		{EECA9CCC-6292-46C0-A071-2E65C26BD93B}.Debug|Any CPU.Build.0 = Debug|Any CPU
		{EECA9CCC-6292-46C0-A071-2E65C26BD93B}.Release|Any CPU.ActiveCfg = Release|Any CPU
		{EECA9CCC-6292-46C0-A071-2E65C26BD93B}.Release|Any CPU.Build.0 = Release|Any CPU
	EndGlobalSection
	GlobalSection(SolutionProperties) = preSolution
		HideSolutionNode = FALSE
	EndGlobalSection
	GlobalSection(ExtensibilityGlobals) = postSolution
		SolutionGuid = {B8D32C66-D6AB-440D-B595-2AC3CDAE5365}
	EndGlobalSection
EndGlobal
