
Microsoft Visual Studio Solution File, Format Version 12.00
# Visual Studio Version 17
VisualStudioVersion = 17.1.32328.378
MinimumVisualStudioVersion = 10.0.40219.1
Project("{FAE04EC0-301F-11D3-BF4B-00C04F79EFBC}") = "StringEquality", "StringEquality.csproj", "{B8AF6091-8702-4DD8-A354-A89D75098D40}"
EndProject
Global
	GlobalSection(SolutionConfigurationPlatforms) = preSolution
		Debug|Any CPU = Debug|Any CPU
		Release|Any CPU = Release|Any CPU
	EndGlobalSection
	GlobalSection(ProjectConfigurationPlatforms) = postSolution
		{B8AF6091-8702-4DD8-A354-A89D75098D40}.Debug|Any CPU.ActiveCfg = Debug|Any CPU
		{B8AF6091-8702-4DD8-A354-A89D75098D40}.Debug|Any CPU.Build.0 = Debug|Any CPU
		{B8AF6091-8702-4DD8-A354-A89D75098D40}.Release|Any CPU.ActiveCfg = Release|Any CPU
		{B8AF6091-8702-4DD8-A354-A89D75098D40}.Release|Any CPU.Build.0 = Release|Any CPU
	EndGlobalSection
	GlobalSection(SolutionProperties) = preSolution
		HideSolutionNode = FALSE
	EndGlobalSection
	GlobalSection(ExtensibilityGlobals) = postSolution
		SolutionGuid = {451257C5-A6D5-401A-8139-D1E0609AF26B}
	EndGlobalSection
EndGlobal
