
Microsoft Visual Studio Solution File, Format Version 12.00
# Visual Studio Version 17
VisualStudioVersion = 17.1.32328.378
MinimumVisualStudioVersion = 10.0.40219.1
Project("{FAE04EC0-301F-11D3-BF4B-00C04F79EFBC}") = "Checkpoint17", "Checkpoint17.csproj", "{CE6453D4-203E-4433-BA8C-08B519834626}"
EndProject
Global
	GlobalSection(SolutionConfigurationPlatforms) = preSolution
		Debug|Any CPU = Debug|Any CPU
		Release|Any CPU = Release|Any CPU
	EndGlobalSection
	GlobalSection(ProjectConfigurationPlatforms) = postSolution
		{CE6453D4-203E-4433-BA8C-08B519834626}.Debug|Any CPU.ActiveCfg = Debug|Any CPU
		{CE6453D4-203E-4433-BA8C-08B519834626}.Debug|Any CPU.Build.0 = Debug|Any CPU
		{CE6453D4-203E-4433-BA8C-08B519834626}.Release|Any CPU.ActiveCfg = Release|Any CPU
		{CE6453D4-203E-4433-BA8C-08B519834626}.Release|Any CPU.Build.0 = Release|Any CPU
	EndGlobalSection
	GlobalSection(SolutionProperties) = preSolution
		HideSolutionNode = FALSE
	EndGlobalSection
	GlobalSection(ExtensibilityGlobals) = postSolution
		SolutionGuid = {F9279A0E-5D76-4F92-990B-2E33B185D116}
	EndGlobalSection
EndGlobal
