
Microsoft Visual Studio Solution File, Format Version 12.00
# Visual Studio Version 17
VisualStudioVersion = 17.1.32328.378
MinimumVisualStudioVersion = 10.0.40219.1
Project("{FAE04EC0-301F-11D3-BF4B-00C04F79EFBC}") = "Checkpoint07", "Checkpoint07.csproj", "{17CE7615-7630-4F7D-9315-150DD069AE4F}"
EndProject
Global
	GlobalSection(SolutionConfigurationPlatforms) = preSolution
		Debug|Any CPU = Debug|Any CPU
		Release|Any CPU = Release|Any CPU
	EndGlobalSection
	GlobalSection(ProjectConfigurationPlatforms) = postSolution
		{17CE7615-7630-4F7D-9315-150DD069AE4F}.Debug|Any CPU.ActiveCfg = Debug|Any CPU
		{17CE7615-7630-4F7D-9315-150DD069AE4F}.Debug|Any CPU.Build.0 = Debug|Any CPU
		{17CE7615-7630-4F7D-9315-150DD069AE4F}.Release|Any CPU.ActiveCfg = Release|Any CPU
		{17CE7615-7630-4F7D-9315-150DD069AE4F}.Release|Any CPU.Build.0 = Release|Any CPU
	EndGlobalSection
	GlobalSection(SolutionProperties) = preSolution
		HideSolutionNode = FALSE
	EndGlobalSection
	GlobalSection(ExtensibilityGlobals) = postSolution
		SolutionGuid = {A0FDE9BB-2B21-45C4-8E96-853AD21E5243}
	EndGlobalSection
EndGlobal
