
Microsoft Visual Studio Solution File, Format Version 12.00
# Visual Studio Version 17
VisualStudioVersion = 17.1.32328.378
MinimumVisualStudioVersion = 10.0.40219.1
Project("{FAE04EC0-301F-11D3-BF4B-00C04F79EFBC}") = "Checkpoint68", "Checkpoint68.csproj", "{A6B7531B-B833-4D0C-B824-3986250D58AB}"
EndProject
Global
	GlobalSection(SolutionConfigurationPlatforms) = preSolution
		Debug|Any CPU = Debug|Any CPU
		Release|Any CPU = Release|Any CPU
	EndGlobalSection
	GlobalSection(ProjectConfigurationPlatforms) = postSolution
		{A6B7531B-B833-4D0C-B824-3986250D58AB}.Debug|Any CPU.ActiveCfg = Debug|Any CPU
		{A6B7531B-B833-4D0C-B824-3986250D58AB}.Debug|Any CPU.Build.0 = Debug|Any CPU
		{A6B7531B-B833-4D0C-B824-3986250D58AB}.Release|Any CPU.ActiveCfg = Release|Any CPU
		{A6B7531B-B833-4D0C-B824-3986250D58AB}.Release|Any CPU.Build.0 = Release|Any CPU
	EndGlobalSection
	GlobalSection(SolutionProperties) = preSolution
		HideSolutionNode = FALSE
	EndGlobalSection
	GlobalSection(ExtensibilityGlobals) = postSolution
		SolutionGuid = {396395F7-D8F5-4113-96E0-9AB6E70B4A7A}
	EndGlobalSection
EndGlobal
