
Microsoft Visual Studio Solution File, Format Version 12.00
# Visual Studio Version 17
VisualStudioVersion = 17.1.32328.378
MinimumVisualStudioVersion = 10.0.40219.1
Project("{FAE04EC0-301F-11D3-BF4B-00C04F79EFBC}") = "Checkpoint37", "Checkpoint37.csproj", "{CAC0B611-40AB-454C-A38D-D1A03A780B9E}"
EndProject
Global
	GlobalSection(SolutionConfigurationPlatforms) = preSolution
		Debug|Any CPU = Debug|Any CPU
		Release|Any CPU = Release|Any CPU
	EndGlobalSection
	GlobalSection(ProjectConfigurationPlatforms) = postSolution
		{CAC0B611-40AB-454C-A38D-D1A03A780B9E}.Debug|Any CPU.ActiveCfg = Debug|Any CPU
		{CAC0B611-40AB-454C-A38D-D1A03A780B9E}.Debug|Any CPU.Build.0 = Debug|Any CPU
		{CAC0B611-40AB-454C-A38D-D1A03A780B9E}.Release|Any CPU.ActiveCfg = Release|Any CPU
		{CAC0B611-40AB-454C-A38D-D1A03A780B9E}.Release|Any CPU.Build.0 = Release|Any CPU
	EndGlobalSection
	GlobalSection(SolutionProperties) = preSolution
		HideSolutionNode = FALSE
	EndGlobalSection
	GlobalSection(ExtensibilityGlobals) = postSolution
		SolutionGuid = {6018D815-9EB6-4C9F-B834-B9407A5E01C9}
	EndGlobalSection
EndGlobal
