
Microsoft Visual Studio Solution File, Format Version 12.00
# Visual Studio Version 17
VisualStudioVersion = 17.1.32328.378
MinimumVisualStudioVersion = 10.0.40219.1
Project("{9A19103F-16F7-4668-BE54-9A1E7A4F7556}") = "Checkpoint41", "Checkpoint41\Checkpoint41.csproj", "{BDAA640A-9104-448B-9886-1B88F3BD5860}"
EndProject
Project("{9A19103F-16F7-4668-BE54-9A1E7A4F7556}") = "Checkpoint41.Tests", "Checkpoint41.Tests\Checkpoint41.Tests.csproj", "{C2DBF18D-3591-4DB8-A5FF-1FE130942C29}"
EndProject
Global
	GlobalSection(SolutionConfigurationPlatforms) = preSolution
		Debug|Any CPU = Debug|Any CPU
		Release|Any CPU = Release|Any CPU
	EndGlobalSection
	GlobalSection(ProjectConfigurationPlatforms) = postSolution
		{BDAA640A-9104-448B-9886-1B88F3BD5860}.Debug|Any CPU.ActiveCfg = Debug|Any CPU
		{BDAA640A-9104-448B-9886-1B88F3BD5860}.Debug|Any CPU.Build.0 = Debug|Any CPU
		{BDAA640A-9104-448B-9886-1B88F3BD5860}.Release|Any CPU.ActiveCfg = Release|Any CPU
		{BDAA640A-9104-448B-9886-1B88F3BD5860}.Release|Any CPU.Build.0 = Release|Any CPU
		{C2DBF18D-3591-4DB8-A5FF-1FE130942C29}.Debug|Any CPU.ActiveCfg = Debug|Any CPU
		{C2DBF18D-3591-4DB8-A5FF-1FE130942C29}.Debug|Any CPU.Build.0 = Debug|Any CPU
		{C2DBF18D-3591-4DB8-A5FF-1FE130942C29}.Release|Any CPU.ActiveCfg = Release|Any CPU
		{C2DBF18D-3591-4DB8-A5FF-1FE130942C29}.Release|Any CPU.Build.0 = Release|Any CPU
	EndGlobalSection
	GlobalSection(SolutionProperties) = preSolution
		HideSolutionNode = FALSE
	EndGlobalSection
	GlobalSection(ExtensibilityGlobals) = postSolution
		SolutionGuid = {2182596C-8853-4C25-A978-5515C8CB6FD3}
	EndGlobalSection
EndGlobal
