
Microsoft Visual Studio Solution File, Format Version 12.00
# Visual Studio Version 17
VisualStudioVersion = 17.1.32328.378
MinimumVisualStudioVersion = 10.0.40219.1
Project("{FAE04EC0-301F-11D3-BF4B-00C04F79EFBC}") = "Checkpoint49", "Checkpoint49.csproj", "{75091A85-CFB5-485B-9901-DA2C3F1A1BD5}"
EndProject
Global
	GlobalSection(SolutionConfigurationPlatforms) = preSolution
		Debug|Any CPU = Debug|Any CPU
		Release|Any CPU = Release|Any CPU
	EndGlobalSection
	GlobalSection(ProjectConfigurationPlatforms) = postSolution
		{75091A85-CFB5-485B-9901-DA2C3F1A1BD5}.Debug|Any CPU.ActiveCfg = Debug|Any CPU
		{75091A85-CFB5-485B-9901-DA2C3F1A1BD5}.Debug|Any CPU.Build.0 = Debug|Any CPU
		{75091A85-CFB5-485B-9901-DA2C3F1A1BD5}.Release|Any CPU.ActiveCfg = Release|Any CPU
		{75091A85-CFB5-485B-9901-DA2C3F1A1BD5}.Release|Any CPU.Build.0 = Release|Any CPU
	EndGlobalSection
	GlobalSection(SolutionProperties) = preSolution
		HideSolutionNode = FALSE
	EndGlobalSection
	GlobalSection(ExtensibilityGlobals) = postSolution
		SolutionGuid = {14D0A9FD-8B7F-4369-A167-5315348ACA77}
	EndGlobalSection
EndGlobal
