
Microsoft Visual Studio Solution File, Format Version 12.00
# Visual Studio Version 17
VisualStudioVersion = 17.1.32328.378
MinimumVisualStudioVersion = 10.0.40219.1
Project("{FAE04EC0-301F-11D3-BF4B-00C04F79EFBC}") = "Checkpoint28", "Checkpoint28.csproj", "{246477DD-3EED-4E11-A86B-029468E55921}"
EndProject
Global
	GlobalSection(SolutionConfigurationPlatforms) = preSolution
		Debug|Any CPU = Debug|Any CPU
		Release|Any CPU = Release|Any CPU
	EndGlobalSection
	GlobalSection(ProjectConfigurationPlatforms) = postSolution
		{246477DD-3EED-4E11-A86B-029468E55921}.Debug|Any CPU.ActiveCfg = Debug|Any CPU
		{246477DD-3EED-4E11-A86B-029468E55921}.Debug|Any CPU.Build.0 = Debug|Any CPU
		{246477DD-3EED-4E11-A86B-029468E55921}.Release|Any CPU.ActiveCfg = Release|Any CPU
		{246477DD-3EED-4E11-A86B-029468E55921}.Release|Any CPU.Build.0 = Release|Any CPU
	EndGlobalSection
	GlobalSection(SolutionProperties) = preSolution
		HideSolutionNode = FALSE
	EndGlobalSection
	GlobalSection(ExtensibilityGlobals) = postSolution
		SolutionGuid = {6665232B-83BB-4AE1-A382-10D81204608C}
	EndGlobalSection
EndGlobal
