
Microsoft Visual Studio Solution File, Format Version 12.00
# Visual Studio Version 17
VisualStudioVersion = 17.1.32328.378
MinimumVisualStudioVersion = 10.0.40219.1
Project("{FAE04EC0-301F-11D3-BF4B-00C04F79EFBC}") = "Checkpoint05", "Checkpoint05.csproj", "{DBF02542-85FA-40B5-A7B8-07A20DD91840}"
EndProject
Global
	GlobalSection(SolutionConfigurationPlatforms) = preSolution
		Debug|Any CPU = Debug|Any CPU
		Release|Any CPU = Release|Any CPU
	EndGlobalSection
	GlobalSection(ProjectConfigurationPlatforms) = postSolution
		{DBF02542-85FA-40B5-A7B8-07A20DD91840}.Debug|Any CPU.ActiveCfg = Debug|Any CPU
		{DBF02542-85FA-40B5-A7B8-07A20DD91840}.Debug|Any CPU.Build.0 = Debug|Any CPU
		{DBF02542-85FA-40B5-A7B8-07A20DD91840}.Release|Any CPU.ActiveCfg = Release|Any CPU
		{DBF02542-85FA-40B5-A7B8-07A20DD91840}.Release|Any CPU.Build.0 = Release|Any CPU
	EndGlobalSection
	GlobalSection(SolutionProperties) = preSolution
		HideSolutionNode = FALSE
	EndGlobalSection
	GlobalSection(ExtensibilityGlobals) = postSolution
		SolutionGuid = {E8FBC0F9-B63E-4817-8DBB-9A81874BFFC0}
	EndGlobalSection
EndGlobal
